// !$*UTF8*$!
{
	archiveVersion = 1;
	classes = {
	};
	objectVersion = 56;
	objects = {

/* Begin PBXBuildFile section */
		8F2CE3C12A0D9889002EDC2F /* GameManager.cpp in Sources */ = {isa = PBXBuildFile; fileRef = 8F2CE3BF2A0D9889002EDC2F /* GameManager.cpp */; };
		8F34457D2A01489800E0B344 /* main.cpp in Sources */ = {isa = PBXBuildFile; fileRef = 8F34457C2A01489800E0B344 /* main.cpp */; };
		8F3F1AAC2A0C37AF0044FFDC /* Ball.cpp in Sources */ = {isa = PBXBuildFile; fileRef = 8F3F1AAA2A0C37AF0044FFDC /* Ball.cpp */; };
		8F3F1AAF2A0C3C200044FFDC /* PlayerControl.cpp in Sources */ = {isa = PBXBuildFile; fileRef = 8F3F1AAD2A0C3C200044FFDC /* PlayerControl.cpp */; };
/* End PBXBuildFile section */

/* Begin PBXCopyFilesBuildPhase section */
		8F3445772A01489800E0B344 /* CopyFiles */ = {
			isa = PBXCopyFilesBuildPhase;
			buildActionMask = 2147483647;
			dstPath = /usr/share/man/man1/;
			dstSubfolderSpec = 0;
			files = (
			);
			runOnlyForDeploymentPostprocessing = 1;
		};
/* End PBXCopyFilesBuildPhase section */

/* Begin PBXFileReference section */
		8F2CE3BF2A0D9889002EDC2F /* GameManager.cpp */ = {isa = PBXFileReference; lastKnownFileType = sourcecode.cpp.cpp; path = GameManager.cpp; sourceTree = "<group>"; };
		8F2CE3C02A0D9889002EDC2F /* GameManager.hpp */ = {isa = PBXFileReference; lastKnownFileType = sourcecode.cpp.h; path = GameManager.hpp; sourceTree = "<group>"; };
		8F3445792A01489800E0B344 /* Zmeika */ = {isa = PBXFileReference; explicitFileType = "compiled.mach-o.executable"; includeInIndex = 0; path = Zmeika; sourceTree = BUILT_PRODUCTS_DIR; };
		8F34457C2A01489800E0B344 /* main.cpp */ = {isa = PBXFileReference; lastKnownFileType = sourcecode.cpp.cpp; path = main.cpp; sourceTree = "<group>"; };
		8F3F1AAA2A0C37AF0044FFDC /* Ball.cpp */ = {isa = PBXFileReference; lastKnownFileType = sourcecode.cpp.cpp; path = Ball.cpp; sourceTree = "<group>"; };
		8F3F1AAB2A0C37AF0044FFDC /* Ball.hpp */ = {isa = PBXFileReference; lastKnownFileType = sourcecode.cpp.h; path = Ball.hpp; sourceTree = "<group>"; };
		8F3F1AAD2A0C3C200044FFDC /* PlayerControl.cpp */ = {isa = PBXFileReference; lastKnownFileType = sourcecode.cpp.cpp; path = PlayerControl.cpp; sourceTree = "<group>"; };
		8F3F1AAE2A0C3C200044FFDC /* PlayerControl.hpp */ = {isa = PBXFileReference; lastKnownFileType = sourcecode.cpp.h; path = PlayerControl.hpp; sourceTree = "<group>"; };
		8F3F1AB12A0D35560044FFDC /* sfml-graphics.framework */ = {isa = PBXFileReference; lastKnownFileType = wrapper.framework; name = "sfml-graphics.framework"; path = "../../../../../Library/Frameworks/sfml-graphics.framework"; sourceTree = "<group>"; };
		8F3F1AB22A0D35560044FFDC /* SFML.framework */ = {isa = PBXFileReference; lastKnownFileType = wrapper.framework; name = SFML.framework; path = ../../../../../Library/Frameworks/SFML.framework; sourceTree = "<group>"; };
		8F3F1AB32A0D35560044FFDC /* sfml-audio.framework */ = {isa = PBXFileReference; lastKnownFileType = wrapper.framework; name = "sfml-audio.framework"; path = "../../../../../Library/Frameworks/sfml-audio.framework"; sourceTree = "<group>"; };
		8F3F1AB42A0D35560044FFDC /* sfml-system.framework */ = {isa = PBXFileReference; lastKnownFileType = wrapper.framework; name = "sfml-system.framework"; path = "../../../../../Library/Frameworks/sfml-system.framework"; sourceTree = "<group>"; };
		8F3F1AB52A0D35560044FFDC /* sfml-window.framework */ = {isa = PBXFileReference; lastKnownFileType = wrapper.framework; name = "sfml-window.framework"; path = "../../../../../Library/Frameworks/sfml-window.framework"; sourceTree = "<group>"; };
		8F3F1AB62A0D35560044FFDC /* sfml-network.framework */ = {isa = PBXFileReference; lastKnownFileType = wrapper.framework; name = "sfml-network.framework"; path = "../../../../../Library/Frameworks/sfml-network.framework"; sourceTree = "<group>"; };
/* End PBXFileReference section */

/* Begin PBXFrameworksBuildPhase section */
		8F3445762A01489800E0B344 /* Frameworks */ = {
			isa = PBXFrameworksBuildPhase;
			buildActionMask = 2147483647;
			files = (
			);
			runOnlyForDeploymentPostprocessing = 0;
		};
/* End PBXFrameworksBuildPhase section */

/* Begin PBXGroup section */
		8F3445702A01489800E0B344 = {
			isa = PBXGroup;
			children = (
				8F34457B2A01489800E0B344 /* Zmeika */,
				8F34457A2A01489800E0B344 /* Products */,
				8F3F1AB02A0D35560044FFDC /* Frameworks */,
			);
			sourceTree = "<group>";
		};
		8F34457A2A01489800E0B344 /* Products */ = {
			isa = PBXGroup;
			children = (
				8F3445792A01489800E0B344 /* Zmeika */,
			);
			name = Products;
			sourceTree = "<group>";
		};
		8F34457B2A01489800E0B344 /* Zmeika */ = {
			isa = PBXGroup;
			children = (
				8F34457C2A01489800E0B344 /* main.cpp */,
				8F3F1AAA2A0C37AF0044FFDC /* Ball.cpp */,
				8F3F1AAB2A0C37AF0044FFDC /* Ball.hpp */,
				8F3F1AAD2A0C3C200044FFDC /* PlayerControl.cpp */,
				8F3F1AAE2A0C3C200044FFDC /* PlayerControl.hpp */,
				8F2CE3BF2A0D9889002EDC2F /* GameManager.cpp */,
				8F2CE3C02A0D9889002EDC2F /* GameManager.hpp */,
			);
			path = Zmeika;
			sourceTree = "<group>";
		};
		8F3F1AB02A0D35560044FFDC /* Frameworks */ = {
			isa = PBXGroup;
			children = (
				8F3F1AB32A0D35560044FFDC /* sfml-audio.framework */,
				8F3F1AB12A0D35560044FFDC /* sfml-graphics.framework */,
				8F3F1AB62A0D35560044FFDC /* sfml-network.framework */,
				8F3F1AB42A0D35560044FFDC /* sfml-system.framework */,
				8F3F1AB52A0D35560044FFDC /* sfml-window.framework */,
				8F3F1AB22A0D35560044FFDC /* SFML.framework */,
			);
			name = Frameworks;
			sourceTree = "<group>";
		};
/* End PBXGroup section */

/* Begin PBXNativeTarget section */
		8F3445782A01489800E0B344 /* Zmeika */ = {
			isa = PBXNativeTarget;
			buildConfigurationList = 8F3445802A01489800E0B344 /* Build configuration list for PBXNativeTarget "Zmeika" */;
			buildPhases = (
				8F3445752A01489800E0B344 /* Sources */,
				8F3445762A01489800E0B344 /* Frameworks */,
				8F3445772A01489800E0B344 /* CopyFiles */,
			);
			buildRules = (
			);
			dependencies = (
			);
			name = Zmeika;
			productName = Zmeika;
			productReference = 8F3445792A01489800E0B344 /* Zmeika */;
			productType = "com.apple.product-type.tool";
		};
/* End PBXNativeTarget section */

/* Begin PBXProject section */
		8F3445712A01489800E0B344 /* Project object */ = {
			isa = PBXProject;
			attributes = {
				BuildIndependentTargetsInParallel = 1;
				LastUpgradeCheck = 1430;
				TargetAttributes = {
					8F3445782A01489800E0B344 = {
						CreatedOnToolsVersion = 14.3;
					};
				};
			};
			buildConfigurationList = 8F3445742A01489800E0B344 /* Build configuration list for PBXProject "Zmeika" */;
			compatibilityVersion = "Xcode 14.0";
			developmentRegion = en;
			hasScannedForEncodings = 0;
			knownRegions = (
				en,
				Base,
			);
			mainGroup = 8F3445702A01489800E0B344;
			productRefGroup = 8F34457A2A01489800E0B344 /* Products */;
			projectDirPath = "";
			projectRoot = "";
			targets = (
				8F3445782A01489800E0B344 /* Zmeika */,
			);
		};
/* End PBXProject section */

/* Begin PBXSourcesBuildPhase section */
		8F3445752A01489800E0B344 /* Sources */ = {
			isa = PBXSourcesBuildPhase;
			buildActionMask = 2147483647;
			files = (
				8F3F1AAC2A0C37AF0044FFDC /* Ball.cpp in Sources */,
				8F2CE3C12A0D9889002EDC2F /* GameManager.cpp in Sources */,
				8F3F1AAF2A0C3C200044FFDC /* PlayerControl.cpp in Sources */,
				8F34457D2A01489800E0B344 /* main.cpp in Sources */,
			);
			runOnlyForDeploymentPostprocessing = 0;
		};
/* End PBXSourcesBuildPhase section */

/* Begin XCBuildConfiguration section */
		8F34457E2A01489800E0B344 /* Debug */ = {
			isa = XCBuildConfiguration;
			buildSettings = {
				ALWAYS_SEARCH_USER_PATHS = NO;
				CLANG_ANALYZER_NONNULL = YES;
				CLANG_ANALYZER_NUMBER_OBJECT_CONVERSION = YES_AGGRESSIVE;
				CLANG_CXX_LANGUAGE_STANDARD = "gnu++20";
				CLANG_ENABLE_MODULES = YES;
				CLANG_ENABLE_OBJC_ARC = YES;
				CLANG_ENABLE_OBJC_WEAK = YES;
				CLANG_WARN_BLOCK_CAPTURE_AUTORELEASING = YES;
				CLANG_WARN_BOOL_CONVERSION = YES;
				CLANG_WARN_COMMA = YES;
				CLANG_WARN_CONSTANT_CONVERSION = YES;
				CLANG_WARN_DEPRECATED_OBJC_IMPLEMENTATIONS = YES;
				CLANG_WARN_DIRECT_OBJC_ISA_USAGE = YES_ERROR;
				CLANG_WARN_DOCUMENTATION_COMMENTS = YES;
				CLANG_WARN_EMPTY_BODY = YES;
				CLANG_WARN_ENUM_CONVERSION = YES;
				CLANG_WARN_INFINITE_RECURSION = YES;
				CLANG_WARN_INT_CONVERSION = YES;
				CLANG_WARN_NON_LITERAL_NULL_CONVERSION = YES;
				CLANG_WARN_OBJC_IMPLICIT_RETAIN_SELF = YES;
				CLANG_WARN_OBJC_LITERAL_CONVERSION = YES;
				CLANG_WARN_OBJC_ROOT_CLASS = YES_ERROR;
				CLANG_WARN_QUOTED_INCLUDE_IN_FRAMEWORK_HEADER = YES;
				CLANG_WARN_RANGE_LOOP_ANALYSIS = YES;
				CLANG_WARN_STRICT_PROTOTYPES = YES;
				CLANG_WARN_SUSPICIOUS_MOVE = YES;
				CLANG_WARN_UNGUARDED_AVAILABILITY = YES_AGGRESSIVE;
				CLANG_WARN_UNREACHABLE_CODE = YES;
				CLANG_WARN__DUPLICATE_METHOD_MATCH = YES;
				COPY_PHASE_STRIP = NO;
				DEBUG_INFORMATION_FORMAT = dwarf;
				ENABLE_STRICT_OBJC_MSGSEND = YES;
				ENABLE_TESTABILITY = YES;
				GCC_C_LANGUAGE_STANDARD = gnu11;
				GCC_DYNAMIC_NO_PIC = NO;
				GCC_NO_COMMON_BLOCKS = YES;
				GCC_OPTIMIZATION_LEVEL = 0;
				GCC_PREPROCESSOR_DEFINITIONS = (
					"DEBUG=1",
					"$(inherited)",
				);
				GCC_WARN_64_TO_32_BIT_CONVERSION = YES;
				GCC_WARN_ABOUT_RETURN_TYPE = YES_ERROR;
				GCC_WARN_UNDECLARED_SELECTOR = YES;
				GCC_WARN_UNINITIALIZED_AUTOS = YES_AGGRESSIVE;
				GCC_WARN_UNUSED_FUNCTION = YES;
				GCC_WARN_UNUSED_VARIABLE = YES;
				MACOSX_DEPLOYMENT_TARGET = 13.2;
				MTL_ENABLE_DEBUG_INFO = INCLUDE_SOURCE;
				MTL_FAST_MATH = YES;
				ONLY_ACTIVE_ARCH = YES;
				SDKROOT = macosx;
			};
			name = Debug;
		};
		8F34457F2A01489800E0B344 /* Release */ = {
			isa = XCBuildConfiguration;
			buildSettings = {
				ALWAYS_SEARCH_USER_PATHS = NO;
				CLANG_ANALYZER_NONNULL = YES;
				CLANG_ANALYZER_NUMBER_OBJECT_CONVERSION = YES_AGGRESSIVE;
				CLANG_CXX_LANGUAGE_STANDARD = "gnu++20";
				CLANG_ENABLE_MODULES = YES;
				CLANG_ENABLE_OBJC_ARC = YES;
				CLANG_ENABLE_OBJC_WEAK = YES;
				CLANG_WARN_BLOCK_CAPTURE_AUTORELEASING = YES;
				CLANG_WARN_BOOL_CONVERSION = YES;
				CLANG_WARN_COMMA = YES;
				CLANG_WARN_CONSTANT_CONVERSION = YES;
				CLANG_WARN_DEPRECATED_OBJC_IMPLEMENTATIONS = YES;
				CLANG_WARN_DIRECT_OBJC_ISA_USAGE = YES_ERROR;
				CLANG_WARN_DOCUMENTATION_COMMENTS = YES;
				CLANG_WARN_EMPTY_BODY = YES;
				CLANG_WARN_ENUM_CONVERSION = YES;
				CLANG_WARN_INFINITE_RECURSION = YES;
				CLANG_WARN_INT_CONVERSION = YES;
				CLANG_WARN_NON_LITERAL_NULL_CONVERSION = YES;
				CLANG_WARN_OBJC_IMPLICIT_RETAIN_SELF = YES;
				CLANG_WARN_OBJC_LITERAL_CONVERSION = YES;
				CLANG_WARN_OBJC_ROOT_CLASS = YES_ERROR;
				CLANG_WARN_QUOTED_INCLUDE_IN_FRAMEWORK_HEADER = YES;
				CLANG_WARN_RANGE_LOOP_ANALYSIS = YES;
				CLANG_WARN_STRICT_PROTOTYPES = YES;
				CLANG_WARN_SUSPICIOUS_MOVE = YES;
				CLANG_WARN_UNGUARDED_AVAILABILITY = YES_AGGRESSIVE;
				CLANG_WARN_UNREACHABLE_CODE = YES;
				CLANG_WARN__DUPLICATE_METHOD_MATCH = YES;
				COPY_PHASE_STRIP = NO;
				DEBUG_INFORMATION_FORMAT = "dwarf-with-dsym";
				ENABLE_NS_ASSERTIONS = NO;
				ENABLE_STRICT_OBJC_MSGSEND = YES;
				GCC_C_LANGUAGE_STANDARD = gnu11;
				GCC_NO_COMMON_BLOCKS = YES;
				GCC_WARN_64_TO_32_BIT_CONVERSION = YES;
				GCC_WARN_ABOUT_RETURN_TYPE = YES_ERROR;
				GCC_WARN_UNDECLARED_SELECTOR = YES;
				GCC_WARN_UNINITIALIZED_AUTOS = YES_AGGRESSIVE;
				GCC_WARN_UNUSED_FUNCTION = YES;
				GCC_WARN_UNUSED_VARIABLE = YES;
				MACOSX_DEPLOYMENT_TARGET = 13.2;
				MTL_ENABLE_DEBUG_INFO = NO;
				MTL_FAST_MATH = YES;
				SDKROOT = macosx;
			};
			name = Release;
		};
		8F3445812A01489800E0B344 /* Debug */ = {
			isa = XCBuildConfiguration;
			buildSettings = {
				CODE_SIGN_STYLE = Automatic;
				FRAMEWORK_SEARCH_PATHS = (
					"$(inherited)",
					"$(LOCAL_LIBRARY_DIR)/Frameworks",
				);
				PRODUCT_NAME = "$(TARGET_NAME)";
			};
			name = Debug;
		};
		8F3445822A01489800E0B344 /* Release */ = {
			isa = XCBuildConfiguration;
			buildSettings = {
				CODE_SIGN_STYLE = Automatic;
				FRAMEWORK_SEARCH_PATHS = (
					"$(inherited)",
					"$(LOCAL_LIBRARY_DIR)/Frameworks",
				);
				PRODUCT_NAME = "$(TARGET_NAME)";
			};
			name = Release;
		};
/* End XCBuildConfiguration section */

/* Begin XCConfigurationList section */
		8F3445742A01489800E0B344 /* Build configuration list for PBXProject "Zmeika" */ = {
			isa = XCConfigurationList;
			buildConfigurations = (
				8F34457E2A01489800E0B344 /* Debug */,
				8F34457F2A01489800E0B344 /* Release */,
			);
			defaultConfigurationIsVisible = 0;
			defaultConfigurationName = Release;
		};
		8F3445802A01489800E0B344 /* Build configuration list for PBXNativeTarget "Zmeika" */ = {
			isa = XCConfigurationList;
			buildConfigurations = (
				8F3445812A01489800E0B344 /* Debug */,
				8F3445822A01489800E0B344 /* Release */,
			);
			defaultConfigurationIsVisible = 0;
			defaultConfigurationName = Release;
		};
/* End XCConfigurationList section */
	};
	rootObject = 8F3445712A01489800E0B344 /* Project object */;
}
